
Microsoft Visual Studio Solution File, Format Version 12.00
# Visual Studio Version 17
VisualStudioVersion = 17.13.35919.96 d17.13
MinimumVisualStudioVersion = 10.0.40219.1
Project("{FAE04EC0-301F-11D3-BF4B-00C04F79EFBC}") = "PartnerOrderSystem", "PartnerOrderSystem\PartnerOrderSystem.csproj", "{A00DB606-05ED-481D-89C4-86ED8BBA9B72}"
EndProject
Global
	GlobalSection(SolutionConfigurationPlatforms) = preSolution
		Debug|Any CPU = Debug|Any CPU
		Release|Any CPU = Release|Any CPU
	EndGlobalSection
	GlobalSection(ProjectConfigurationPlatforms) = postSolution
		{A00DB606-05ED-481D-89C4-86ED8BBA9B72}.Debug|Any CPU.ActiveCfg = Debug|Any CPU
		{A00DB606-05ED-481D-89C4-86ED8BBA9B72}.Debug|Any CPU.Build.0 = Debug|Any CPU
		{A00DB606-05ED-481D-89C4-86ED8BBA9B72}.Release|Any CPU.ActiveCfg = Release|Any CPU
		{A00DB606-05ED-481D-89C4-86ED8BBA9B72}.Release|Any CPU.Build.0 = Release|Any CPU
	EndGlobalSection
	GlobalSection(SolutionProperties) = preSolution
		HideSolutionNode = FALSE
	EndGlobalSection
	GlobalSection(ExtensibilityGlobals) = postSolution
		SolutionGuid = {1A655FBD-6AEE-45C2-B6E9-2DD28CE15036}
	EndGlobalSection
EndGlobal
