
Microsoft Visual Studio Solution File, Format Version 12.00
# Visual Studio Version 17
VisualStudioVersion = 17.13.36105.23 d17.13
MinimumVisualStudioVersion = 10.0.40219.1
Project("{FAE04EC0-301F-11D3-BF4B-00C04F79EFBC}") = "DEM5", "DEM5\DEM5.csproj", "{0EA21042-0BC8-4981-B489-23E27F508052}"
EndProject
Global
	GlobalSection(SolutionConfigurationPlatforms) = preSolution
		Debug|Any CPU = Debug|Any CPU
		Release|Any CPU = Release|Any CPU
	EndGlobalSection
	GlobalSection(ProjectConfigurationPlatforms) = postSolution
		{0EA21042-0BC8-4981-B489-23E27F508052}.Debug|Any CPU.ActiveCfg = Debug|Any CPU
		{0EA21042-0BC8-4981-B489-23E27F508052}.Debug|Any CPU.Build.0 = Debug|Any CPU
		{0EA21042-0BC8-4981-B489-23E27F508052}.Release|Any CPU.ActiveCfg = Release|Any CPU
		{0EA21042-0BC8-4981-B489-23E27F508052}.Release|Any CPU.Build.0 = Release|Any CPU
	EndGlobalSection
	GlobalSection(SolutionProperties) = preSolution
		HideSolutionNode = FALSE
	EndGlobalSection
	GlobalSection(ExtensibilityGlobals) = postSolution
		SolutionGuid = {46FA2FB7-A872-4011-B929-A8DBF8DCB27E}
	EndGlobalSection
EndGlobal
